
Microsoft Visual Studio Solution File, Format Version 12.00
# Visual Studio Version 16
VisualStudioVersion = 16.0.32228.343
MinimumVisualStudioVersion = 10.0.40219.1
Project("{2150E333-8FDC-42A3-9474-1A3956D46DE8}") = "Sample", "Sample", "{F98E0CB3-DDEB-4E20-895D-3BB7425D294E}"
EndProject
Project("{FAE04EC0-301F-11D3-BF4B-00C04F79EFBC}") = "ConsoleApp0411", "Sample\ConsoleApp0411\ConsoleApp0411.csproj", "{6F71511D-A975-4D12-91A6-108399FB67AA}"
EndProject
Project("{FAE04EC0-301F-11D3-BF4B-00C04F79EFBC}") = "WindowsFormsApp1", "Sample\WindowsFormsApp1\WindowsFormsApp1.csproj", "{8D9C36E4-DB17-4C2F-941D-CD51A6C89585}"
EndProject
Project("{FAE04EC0-301F-11D3-BF4B-00C04F79EFBC}") = "BallApp", "Sample\BallApp\BallApp.csproj", "{907D0A39-EC77-4B50-91BD-FE0049C420E4}"
EndProject
Project("{2150E333-8FDC-42A3-9474-1A3956D46DE8}") = "Chapter01", "Chapter01", "{3166CF4D-7153-413D-8EA4-0C936199BABF}"
EndProject
Project("{FAE04EC0-301F-11D3-BF4B-00C04F79EFBC}") = "ProductSample", "Chapter01\Product\ProductSample.csproj", "{3BA4F4C9-D082-44FD-AA28-50246D81C034}"
EndProject
Project("{2150E333-8FDC-42A3-9474-1A3956D46DE8}") = "Chapter02", "Chapter02", "{5983C8F9-4315-4ADE-BECA-0732CA5A6E24}"
EndProject
Project("{2150E333-8FDC-42A3-9474-1A3956D46DE8}") = "距離換算プログラム", "距離換算プログラム", "{60C8FF8C-75EB-43C9-A37C-0145E6CDBD14}"
EndProject
Project("{FAE04EC0-301F-11D3-BF4B-00C04F79EFBC}") = "DistanceConverter", "Chapter02\距離換算プログラム\DistanceConverter\DistanceConverter.csproj", "{7E18C83C-9FE0-40AE-8407-706E8962C0D3}"
EndProject
Project("{2150E333-8FDC-42A3-9474-1A3956D46DE8}") = "売上集計プログラム", "売上集計プログラム", "{CED88FEB-0D67-4BEA-A358-6CC40AE2EBD5}"
EndProject
Project("{FAE04EC0-301F-11D3-BF4B-00C04F79EFBC}") = "SalesCalculator", "Chapter02\売上集計プログラム\SalesCalculator\SalesCalculator.csproj", "{DBCC6CC6-C639-4C39-964B-8D8516402243}"
EndProject
Project("{2150E333-8FDC-42A3-9474-1A3956D46DE8}") = "演習問題", "演習問題", "{0FE330F9-B108-4550-B2C4-FE473C380D7D}"
EndProject
Project("{FAE04EC0-301F-11D3-BF4B-00C04F79EFBC}") = "Exercise01", "Chapter02\演習問題\Exercise01\Exercise01.csproj", "{DC2BA04E-1965-4DCC-AD00-C56B7D573C14}"
EndProject
Project("{FAE04EC0-301F-11D3-BF4B-00C04F79EFBC}") = "Exercise02", "Chapter02\演習問題\Exercise02\Exercise02.csproj", "{D8FA8FA7-53B3-418D-B117-E75927F6551F}"
EndProject
Project("{FAE04EC0-301F-11D3-BF4B-00C04F79EFBC}") = "Exercise03", "Chapter02\演習問題\Exercise03\Exercise03.csproj", "{A2301D11-DA1F-4F0F-8DC6-6BD3C974ECCD}"
EndProject
Project("{2150E333-8FDC-42A3-9474-1A3956D46DE8}") = "Chapter03", "Chapter03", "{7F3765B4-28A2-4F8B-B814-1D5E93D81344}"
EndProject
Project("{FAE04EC0-301F-11D3-BF4B-00C04F79EFBC}") = "Section01", "Chapter03\Section01\Section01.csproj", "{155EA5E1-1D2C-495E-AAF0-8A7FD31D0C97}"
EndProject
Project("{FAE04EC0-301F-11D3-BF4B-00C04F79EFBC}") = "Section03", "Chapter03\Section03\Section03.csproj", "{7C69D2AB-BB10-4F13-884C-1455E504F114}"
EndProject
Project("{FAE04EC0-301F-11D3-BF4B-00C04F79EFBC}") = "Section04", "Chapter03\Section04\Section04.csproj", "{54495787-4290-462C-9607-70AF80EC6B8B}"
EndProject
Project("{2150E333-8FDC-42A3-9474-1A3956D46DE8}") = "演習問題", "演習問題", "{7024D317-9889-4D6A-BA6C-74716BE6BC0C}"
EndProject
Project("{FAE04EC0-301F-11D3-BF4B-00C04F79EFBC}") = "Exercise01", "Chapter03\演習問題\Exercise01\Exercise01.csproj", "{306B64A1-4FD5-4BDE-98ED-FE4229EC2C64}"
EndProject
Project("{FAE04EC0-301F-11D3-BF4B-00C04F79EFBC}") = "Exercise02", "Chapter03\演習問題\Exercise02\Exercise02.csproj", "{D9D0536A-6534-41DE-B50D-2EAEF715ECCE}"
EndProject
Project("{2150E333-8FDC-42A3-9474-1A3956D46DE8}") = "Chapter05", "Chapter05", "{45D68146-AE29-4936-B266-BFEF99865FB6}"
EndProject
Project("{2150E333-8FDC-42A3-9474-1A3956D46DE8}") = "演習問題", "演習問題", "{8B77CB0F-49B6-4957-8048-B5B6F1A7410B}"
EndProject
Project("{FAE04EC0-301F-11D3-BF4B-00C04F79EFBC}") = "Exercise03", "Chapter05\演習問題\Exercise03\Exercise03.csproj", "{244A2D2A-30BE-47C5-B216-D0241EF2E85D}"
EndProject
Project("{FAE04EC0-301F-11D3-BF4B-00C04F79EFBC}") = "Exercise04", "Chapter05\演習問題\Exercise04\Exercise04.csproj", "{1FCFAC4F-D525-42D0-82E5-0EFFA2E747F5}"
EndProject
Project("{2150E333-8FDC-42A3-9474-1A3956D46DE8}") = "Chpater06", "Chpater06", "{02E401BE-185A-430B-BAB8-BF1A7C5F627D}"
EndProject
Project("{2150E333-8FDC-42A3-9474-1A3956D46DE8}") = "演習問題", "演習問題", "{E93365F2-5D8B-4066-A5D1-A28576C5E4B6}"
EndProject
Project("{FAE04EC0-301F-11D3-BF4B-00C04F79EFBC}") = "Section01", "Chapter06\Section01\Section01.csproj", "{032B3B69-1CD1-44FD-9DE0-A61465C8FF28}"
EndProject
Project("{FAE04EC0-301F-11D3-BF4B-00C04F79EFBC}") = "Exercise02", "Chapter06\Exercise02\Exercise02\Exercise02.csproj", "{ACE973D7-DF68-4E43-914E-75F0F753BB75}"
EndProject
Project("{2150E333-8FDC-42A3-9474-1A3956D46DE8}") = "Chapter07", "Chapter07", "{A3B8AF43-D93E-4B2B-8840-465A228898E5}"
EndProject
Project("{FAE04EC0-301F-11D3-BF4B-00C04F79EFBC}") = "Section01", "Chapter07\Section01\Section01.csproj", "{2C7DB1EB-AB41-42BB-9968-ED097AE5ED39}"
EndProject
Project("{FAE04EC0-301F-11D3-BF4B-00C04F79EFBC}") = "Section02", "Chapter07\Section02\Section02\Section02.csproj", "{FE6BDC1A-4659-4D0A-A6CF-69F1A8CAF07A}"
EndProject
Project("{2150E333-8FDC-42A3-9474-1A3956D46DE8}") = "試験01", "試験01", "{970A4165-0DAE-4D1D-B4DD-4B79C60DB61C}"
EndProject
Project("{FAE04EC0-301F-11D3-BF4B-00C04F79EFBC}") = "Test01", "TestProject\Test01\Test01.csproj", "{2BFACDC3-F44D-4199-8498-F5C3C4AC0335}"
EndProject
Global
	GlobalSection(SolutionConfigurationPlatforms) = preSolution
		Debug|Any CPU = Debug|Any CPU
		Release|Any CPU = Release|Any CPU
	EndGlobalSection
	GlobalSection(ProjectConfigurationPlatforms) = postSolution
		{6F71511D-A975-4D12-91A6-108399FB67AA}.Debug|Any CPU.ActiveCfg = Debug|Any CPU
		{6F71511D-A975-4D12-91A6-108399FB67AA}.Debug|Any CPU.Build.0 = Debug|Any CPU
		{6F71511D-A975-4D12-91A6-108399FB67AA}.Release|Any CPU.ActiveCfg = Release|Any CPU
		{6F71511D-A975-4D12-91A6-108399FB67AA}.Release|Any CPU.Build.0 = Release|Any CPU
		{8D9C36E4-DB17-4C2F-941D-CD51A6C89585}.Debug|Any CPU.ActiveCfg = Debug|Any CPU
		{8D9C36E4-DB17-4C2F-941D-CD51A6C89585}.Debug|Any CPU.Build.0 = Debug|Any CPU
		{8D9C36E4-DB17-4C2F-941D-CD51A6C89585}.Release|Any CPU.ActiveCfg = Release|Any CPU
		{8D9C36E4-DB17-4C2F-941D-CD51A6C89585}.Release|Any CPU.Build.0 = Release|Any CPU
		{907D0A39-EC77-4B50-91BD-FE0049C420E4}.Debug|Any CPU.ActiveCfg = Debug|Any CPU
		{907D0A39-EC77-4B50-91BD-FE0049C420E4}.Debug|Any CPU.Build.0 = Debug|Any CPU
		{907D0A39-EC77-4B50-91BD-FE0049C420E4}.Release|Any CPU.ActiveCfg = Release|Any CPU
		{907D0A39-EC77-4B50-91BD-FE0049C420E4}.Release|Any CPU.Build.0 = Release|Any CPU
		{3BA4F4C9-D082-44FD-AA28-50246D81C034}.Debug|Any CPU.ActiveCfg = Debug|Any CPU
		{3BA4F4C9-D082-44FD-AA28-50246D81C034}.Debug|Any CPU.Build.0 = Debug|Any CPU
		{3BA4F4C9-D082-44FD-AA28-50246D81C034}.Release|Any CPU.ActiveCfg = Release|Any CPU
		{3BA4F4C9-D082-44FD-AA28-50246D81C034}.Release|Any CPU.Build.0 = Release|Any CPU
		{7E18C83C-9FE0-40AE-8407-706E8962C0D3}.Debug|Any CPU.ActiveCfg = Debug|Any CPU
		{7E18C83C-9FE0-40AE-8407-706E8962C0D3}.Debug|Any CPU.Build.0 = Debug|Any CPU
		{7E18C83C-9FE0-40AE-8407-706E8962C0D3}.Release|Any CPU.ActiveCfg = Release|Any CPU
		{7E18C83C-9FE0-40AE-8407-706E8962C0D3}.Release|Any CPU.Build.0 = Release|Any CPU
		{DBCC6CC6-C639-4C39-964B-8D8516402243}.Debug|Any CPU.ActiveCfg = Debug|Any CPU
		{DBCC6CC6-C639-4C39-964B-8D8516402243}.Debug|Any CPU.Build.0 = Debug|Any CPU
		{DBCC6CC6-C639-4C39-964B-8D8516402243}.Release|Any CPU.ActiveCfg = Release|Any CPU
		{DBCC6CC6-C639-4C39-964B-8D8516402243}.Release|Any CPU.Build.0 = Release|Any CPU
		{DC2BA04E-1965-4DCC-AD00-C56B7D573C14}.Debug|Any CPU.ActiveCfg = Debug|Any CPU
		{DC2BA04E-1965-4DCC-AD00-C56B7D573C14}.Debug|Any CPU.Build.0 = Debug|Any CPU
		{DC2BA04E-1965-4DCC-AD00-C56B7D573C14}.Release|Any CPU.ActiveCfg = Release|Any CPU
		{DC2BA04E-1965-4DCC-AD00-C56B7D573C14}.Release|Any CPU.Build.0 = Release|Any CPU
		{D8FA8FA7-53B3-418D-B117-E75927F6551F}.Debug|Any CPU.ActiveCfg = Debug|Any CPU
		{D8FA8FA7-53B3-418D-B117-E75927F6551F}.Debug|Any CPU.Build.0 = Debug|Any CPU
		{D8FA8FA7-53B3-418D-B117-E75927F6551F}.Release|Any CPU.ActiveCfg = Release|Any CPU
		{D8FA8FA7-53B3-418D-B117-E75927F6551F}.Release|Any CPU.Build.0 = Release|Any CPU
		{A2301D11-DA1F-4F0F-8DC6-6BD3C974ECCD}.Debug|Any CPU.ActiveCfg = Debug|Any CPU
		{A2301D11-DA1F-4F0F-8DC6-6BD3C974ECCD}.Debug|Any CPU.Build.0 = Debug|Any CPU
		{A2301D11-DA1F-4F0F-8DC6-6BD3C974ECCD}.Release|Any CPU.ActiveCfg = Release|Any CPU
		{A2301D11-DA1F-4F0F-8DC6-6BD3C974ECCD}.Release|Any CPU.Build.0 = Release|Any CPU
		{155EA5E1-1D2C-495E-AAF0-8A7FD31D0C97}.Debug|Any CPU.ActiveCfg = Debug|Any CPU
		{155EA5E1-1D2C-495E-AAF0-8A7FD31D0C97}.Debug|Any CPU.Build.0 = Debug|Any CPU
		{155EA5E1-1D2C-495E-AAF0-8A7FD31D0C97}.Release|Any CPU.ActiveCfg = Release|Any CPU
		{155EA5E1-1D2C-495E-AAF0-8A7FD31D0C97}.Release|Any CPU.Build.0 = Release|Any CPU
		{7C69D2AB-BB10-4F13-884C-1455E504F114}.Debug|Any CPU.ActiveCfg = Debug|Any CPU
		{7C69D2AB-BB10-4F13-884C-1455E504F114}.Debug|Any CPU.Build.0 = Debug|Any CPU
		{7C69D2AB-BB10-4F13-884C-1455E504F114}.Release|Any CPU.ActiveCfg = Release|Any CPU
		{7C69D2AB-BB10-4F13-884C-1455E504F114}.Release|Any CPU.Build.0 = Release|Any CPU
		{54495787-4290-462C-9607-70AF80EC6B8B}.Debug|Any CPU.ActiveCfg = Debug|Any CPU
		{54495787-4290-462C-9607-70AF80EC6B8B}.Debug|Any CPU.Build.0 = Debug|Any CPU
		{54495787-4290-462C-9607-70AF80EC6B8B}.Release|Any CPU.ActiveCfg = Release|Any CPU
		{54495787-4290-462C-9607-70AF80EC6B8B}.Release|Any CPU.Build.0 = Release|Any CPU
		{306B64A1-4FD5-4BDE-98ED-FE4229EC2C64}.Debug|Any CPU.ActiveCfg = Debug|Any CPU
		{306B64A1-4FD5-4BDE-98ED-FE4229EC2C64}.Debug|Any CPU.Build.0 = Debug|Any CPU
		{306B64A1-4FD5-4BDE-98ED-FE4229EC2C64}.Release|Any CPU.ActiveCfg = Release|Any CPU
		{306B64A1-4FD5-4BDE-98ED-FE4229EC2C64}.Release|Any CPU.Build.0 = Release|Any CPU
		{D9D0536A-6534-41DE-B50D-2EAEF715ECCE}.Debug|Any CPU.ActiveCfg = Debug|Any CPU
		{D9D0536A-6534-41DE-B50D-2EAEF715ECCE}.Debug|Any CPU.Build.0 = Debug|Any CPU
		{D9D0536A-6534-41DE-B50D-2EAEF715ECCE}.Release|Any CPU.ActiveCfg = Release|Any CPU
		{D9D0536A-6534-41DE-B50D-2EAEF715ECCE}.Release|Any CPU.Build.0 = Release|Any CPU
		{244A2D2A-30BE-47C5-B216-D0241EF2E85D}.Debug|Any CPU.ActiveCfg = Debug|Any CPU
		{244A2D2A-30BE-47C5-B216-D0241EF2E85D}.Debug|Any CPU.Build.0 = Debug|Any CPU
		{244A2D2A-30BE-47C5-B216-D0241EF2E85D}.Release|Any CPU.ActiveCfg = Release|Any CPU
		{244A2D2A-30BE-47C5-B216-D0241EF2E85D}.Release|Any CPU.Build.0 = Release|Any CPU
		{1FCFAC4F-D525-42D0-82E5-0EFFA2E747F5}.Debug|Any CPU.ActiveCfg = Debug|Any CPU
		{1FCFAC4F-D525-42D0-82E5-0EFFA2E747F5}.Debug|Any CPU.Build.0 = Debug|Any CPU
		{1FCFAC4F-D525-42D0-82E5-0EFFA2E747F5}.Release|Any CPU.ActiveCfg = Release|Any CPU
		{1FCFAC4F-D525-42D0-82E5-0EFFA2E747F5}.Release|Any CPU.Build.0 = Release|Any CPU
		{032B3B69-1CD1-44FD-9DE0-A61465C8FF28}.Debug|Any CPU.ActiveCfg = Debug|Any CPU
		{032B3B69-1CD1-44FD-9DE0-A61465C8FF28}.Debug|Any CPU.Build.0 = Debug|Any CPU
		{032B3B69-1CD1-44FD-9DE0-A61465C8FF28}.Release|Any CPU.ActiveCfg = Release|Any CPU
		{032B3B69-1CD1-44FD-9DE0-A61465C8FF28}.Release|Any CPU.Build.0 = Release|Any CPU
		{ACE973D7-DF68-4E43-914E-75F0F753BB75}.Debug|Any CPU.ActiveCfg = Debug|Any CPU
		{ACE973D7-DF68-4E43-914E-75F0F753BB75}.Debug|Any CPU.Build.0 = Debug|Any CPU
		{ACE973D7-DF68-4E43-914E-75F0F753BB75}.Release|Any CPU.ActiveCfg = Release|Any CPU
		{ACE973D7-DF68-4E43-914E-75F0F753BB75}.Release|Any CPU.Build.0 = Release|Any CPU
		{2C7DB1EB-AB41-42BB-9968-ED097AE5ED39}.Debug|Any CPU.ActiveCfg = Debug|Any CPU
		{2C7DB1EB-AB41-42BB-9968-ED097AE5ED39}.Debug|Any CPU.Build.0 = Debug|Any CPU
		{2C7DB1EB-AB41-42BB-9968-ED097AE5ED39}.Release|Any CPU.ActiveCfg = Release|Any CPU
		{2C7DB1EB-AB41-42BB-9968-ED097AE5ED39}.Release|Any CPU.Build.0 = Release|Any CPU
		{FE6BDC1A-4659-4D0A-A6CF-69F1A8CAF07A}.Debug|Any CPU.ActiveCfg = Debug|Any CPU
		{FE6BDC1A-4659-4D0A-A6CF-69F1A8CAF07A}.Debug|Any CPU.Build.0 = Debug|Any CPU
		{FE6BDC1A-4659-4D0A-A6CF-69F1A8CAF07A}.Release|Any CPU.ActiveCfg = Release|Any CPU
		{FE6BDC1A-4659-4D0A-A6CF-69F1A8CAF07A}.Release|Any CPU.Build.0 = Release|Any CPU
		{2BFACDC3-F44D-4199-8498-F5C3C4AC0335}.Debug|Any CPU.ActiveCfg = Debug|Any CPU
		{2BFACDC3-F44D-4199-8498-F5C3C4AC0335}.Debug|Any CPU.Build.0 = Debug|Any CPU
		{2BFACDC3-F44D-4199-8498-F5C3C4AC0335}.Release|Any CPU.ActiveCfg = Release|Any CPU
		{2BFACDC3-F44D-4199-8498-F5C3C4AC0335}.Release|Any CPU.Build.0 = Release|Any CPU
	EndGlobalSection
	GlobalSection(SolutionProperties) = preSolution
		HideSolutionNode = FALSE
	EndGlobalSection
	GlobalSection(NestedProjects) = preSolution
		{6F71511D-A975-4D12-91A6-108399FB67AA} = {F98E0CB3-DDEB-4E20-895D-3BB7425D294E}
		{8D9C36E4-DB17-4C2F-941D-CD51A6C89585} = {F98E0CB3-DDEB-4E20-895D-3BB7425D294E}
		{907D0A39-EC77-4B50-91BD-FE0049C420E4} = {F98E0CB3-DDEB-4E20-895D-3BB7425D294E}
		{3BA4F4C9-D082-44FD-AA28-50246D81C034} = {3166CF4D-7153-413D-8EA4-0C936199BABF}
		{60C8FF8C-75EB-43C9-A37C-0145E6CDBD14} = {5983C8F9-4315-4ADE-BECA-0732CA5A6E24}
		{7E18C83C-9FE0-40AE-8407-706E8962C0D3} = {60C8FF8C-75EB-43C9-A37C-0145E6CDBD14}
		{CED88FEB-0D67-4BEA-A358-6CC40AE2EBD5} = {5983C8F9-4315-4ADE-BECA-0732CA5A6E24}
		{DBCC6CC6-C639-4C39-964B-8D8516402243} = {CED88FEB-0D67-4BEA-A358-6CC40AE2EBD5}
		{0FE330F9-B108-4550-B2C4-FE473C380D7D} = {5983C8F9-4315-4ADE-BECA-0732CA5A6E24}
		{DC2BA04E-1965-4DCC-AD00-C56B7D573C14} = {0FE330F9-B108-4550-B2C4-FE473C380D7D}
		{D8FA8FA7-53B3-418D-B117-E75927F6551F} = {0FE330F9-B108-4550-B2C4-FE473C380D7D}
		{A2301D11-DA1F-4F0F-8DC6-6BD3C974ECCD} = {0FE330F9-B108-4550-B2C4-FE473C380D7D}
		{155EA5E1-1D2C-495E-AAF0-8A7FD31D0C97} = {7F3765B4-28A2-4F8B-B814-1D5E93D81344}
		{7C69D2AB-BB10-4F13-884C-1455E504F114} = {7F3765B4-28A2-4F8B-B814-1D5E93D81344}
		{54495787-4290-462C-9607-70AF80EC6B8B} = {7F3765B4-28A2-4F8B-B814-1D5E93D81344}
		{7024D317-9889-4D6A-BA6C-74716BE6BC0C} = {7F3765B4-28A2-4F8B-B814-1D5E93D81344}
		{306B64A1-4FD5-4BDE-98ED-FE4229EC2C64} = {7024D317-9889-4D6A-BA6C-74716BE6BC0C}
		{D9D0536A-6534-41DE-B50D-2EAEF715ECCE} = {7024D317-9889-4D6A-BA6C-74716BE6BC0C}
		{8B77CB0F-49B6-4957-8048-B5B6F1A7410B} = {45D68146-AE29-4936-B266-BFEF99865FB6}
		{244A2D2A-30BE-47C5-B216-D0241EF2E85D} = {8B77CB0F-49B6-4957-8048-B5B6F1A7410B}
		{1FCFAC4F-D525-42D0-82E5-0EFFA2E747F5} = {8B77CB0F-49B6-4957-8048-B5B6F1A7410B}
		{E93365F2-5D8B-4066-A5D1-A28576C5E4B6} = {02E401BE-185A-430B-BAB8-BF1A7C5F627D}
		{032B3B69-1CD1-44FD-9DE0-A61465C8FF28} = {02E401BE-185A-430B-BAB8-BF1A7C5F627D}
		{ACE973D7-DF68-4E43-914E-75F0F753BB75} = {E93365F2-5D8B-4066-A5D1-A28576C5E4B6}
		{2C7DB1EB-AB41-42BB-9968-ED097AE5ED39} = {A3B8AF43-D93E-4B2B-8840-465A228898E5}
		{FE6BDC1A-4659-4D0A-A6CF-69F1A8CAF07A} = {A3B8AF43-D93E-4B2B-8840-465A228898E5}
		{2BFACDC3-F44D-4199-8498-F5C3C4AC0335} = {970A4165-0DAE-4D1D-B4DD-4B79C60DB61C}
	EndGlobalSection
	GlobalSection(ExtensibilityGlobals) = postSolution
		SolutionGuid = {788C3427-79D1-4E4A-A814-4B8A13D7C794}
	EndGlobalSection
EndGlobal
