
Microsoft Visual Studio Solution File, Format Version 12.00
# Visual Studio Version 16
VisualStudioVersion = 16.0.32228.343
MinimumVisualStudioVersion = 10.0.40219.1
Project("{2150E333-8FDC-42A3-9474-1A3956D46DE8}") = "Sample", "Sample", "{F98E0CB3-DDEB-4E20-895D-3BB7425D294E}"
EndProject
Project("{FAE04EC0-301F-11D3-BF4B-00C04F79EFBC}") = "ConsoleApp0411", "Sample\ConsoleApp0411\ConsoleApp0411.csproj", "{6F71511D-A975-4D12-91A6-108399FB67AA}"
EndProject
Project("{FAE04EC0-301F-11D3-BF4B-00C04F79EFBC}") = "WindowsFormsApp1", "Sample\WindowsFormsApp1\WindowsFormsApp1.csproj", "{8D9C36E4-DB17-4C2F-941D-CD51A6C89585}"
EndProject
Project("{FAE04EC0-301F-11D3-BF4B-00C04F79EFBC}") = "BallApp", "Sample\BallApp\BallApp.csproj", "{907D0A39-EC77-4B50-91BD-FE0049C420E4}"
EndProject
Project("{2150E333-8FDC-42A3-9474-1A3956D46DE8}") = "Chapter01", "Chapter01", "{3166CF4D-7153-413D-8EA4-0C936199BABF}"
EndProject
Project("{FAE04EC0-301F-11D3-BF4B-00C04F79EFBC}") = "ProductSample", "Chapter01\Product\ProductSample.csproj", "{3BA4F4C9-D082-44FD-AA28-50246D81C034}"
EndProject
Project("{2150E333-8FDC-42A3-9474-1A3956D46DE8}") = "Chapter02", "Chapter02", "{5983C8F9-4315-4ADE-BECA-0732CA5A6E24}"
EndProject
Project("{2150E333-8FDC-42A3-9474-1A3956D46DE8}") = "距離換算プログラム", "距離換算プログラム", "{60C8FF8C-75EB-43C9-A37C-0145E6CDBD14}"
EndProject
Project("{FAE04EC0-301F-11D3-BF4B-00C04F79EFBC}") = "DistanceConverter", "Chapter02\距離換算プログラム\DistanceConverter\DistanceConverter.csproj", "{7E18C83C-9FE0-40AE-8407-706E8962C0D3}"
EndProject
Project("{2150E333-8FDC-42A3-9474-1A3956D46DE8}") = "売上集計プログラム", "売上集計プログラム", "{CED88FEB-0D67-4BEA-A358-6CC40AE2EBD5}"
EndProject
Project("{FAE04EC0-301F-11D3-BF4B-00C04F79EFBC}") = "SalesCalculator", "Chapter02\売上集計プログラム\SalesCalculator\SalesCalculator.csproj", "{DBCC6CC6-C639-4C39-964B-8D8516402243}"
EndProject
Project("{2150E333-8FDC-42A3-9474-1A3956D46DE8}") = "演習問題", "演習問題", "{0FE330F9-B108-4550-B2C4-FE473C380D7D}"
EndProject
Project("{FAE04EC0-301F-11D3-BF4B-00C04F79EFBC}") = "Exercise01", "Chapter02\演習問題\Exercise01\Exercise01.csproj", "{DC2BA04E-1965-4DCC-AD00-C56B7D573C14}"
EndProject
Project("{FAE04EC0-301F-11D3-BF4B-00C04F79EFBC}") = "Exercise02", "Chapter02\演習問題\Exercise02\Exercise02.csproj", "{D8FA8FA7-53B3-418D-B117-E75927F6551F}"
EndProject
Project("{FAE04EC0-301F-11D3-BF4B-00C04F79EFBC}") = "Exercise03", "Chapter02\演習問題\Exercise03\Exercise03.csproj", "{A2301D11-DA1F-4F0F-8DC6-6BD3C974ECCD}"
EndProject
Project("{2150E333-8FDC-42A3-9474-1A3956D46DE8}") = "Chapter03", "Chapter03", "{7F3765B4-28A2-4F8B-B814-1D5E93D81344}"
EndProject
Project("{FAE04EC0-301F-11D3-BF4B-00C04F79EFBC}") = "Section01", "Chapter03\Section01\Section01.csproj", "{155EA5E1-1D2C-495E-AAF0-8A7FD31D0C97}"
EndProject
Project("{FAE04EC0-301F-11D3-BF4B-00C04F79EFBC}") = "Section03", "Chapter03\Section03\Section03.csproj", "{7C69D2AB-BB10-4F13-884C-1455E504F114}"
EndProject
Project("{FAE04EC0-301F-11D3-BF4B-00C04F79EFBC}") = "Section04", "Chapter03\Section04\Section04.csproj", "{54495787-4290-462C-9607-70AF80EC6B8B}"
EndProject
Project("{2150E333-8FDC-42A3-9474-1A3956D46DE8}") = "演習問題", "演習問題", "{7024D317-9889-4D6A-BA6C-74716BE6BC0C}"
EndProject
Project("{FAE04EC0-301F-11D3-BF4B-00C04F79EFBC}") = "Exercise01", "Chapter03\演習問題\Exercise01\Exercise01.csproj", "{306B64A1-4FD5-4BDE-98ED-FE4229EC2C64}"
EndProject
Project("{FAE04EC0-301F-11D3-BF4B-00C04F79EFBC}") = "Exercise02", "Chapter03\演習問題\Exercise02\Exercise02.csproj", "{D9D0536A-6534-41DE-B50D-2EAEF715ECCE}"
EndProject
Project("{2150E333-8FDC-42A3-9474-1A3956D46DE8}") = "Chapter05", "Chapter05", "{45D68146-AE29-4936-B266-BFEF99865FB6}"
EndProject
Project("{2150E333-8FDC-42A3-9474-1A3956D46DE8}") = "演習問題", "演習問題", "{8B77CB0F-49B6-4957-8048-B5B6F1A7410B}"
EndProject
Project("{FAE04EC0-301F-11D3-BF4B-00C04F79EFBC}") = "Exercise03", "Chapter05\演習問題\Exercise03\Exercise03.csproj", "{244A2D2A-30BE-47C5-B216-D0241EF2E85D}"
EndProject
Project("{FAE04EC0-301F-11D3-BF4B-00C04F79EFBC}") = "Exercise04", "Chapter05\演習問題\Exercise04\Exercise04.csproj", "{1FCFAC4F-D525-42D0-82E5-0EFFA2E747F5}"
EndProject
Project("{2150E333-8FDC-42A3-9474-1A3956D46DE8}") = "Chpater06", "Chpater06", "{02E401BE-185A-430B-BAB8-BF1A7C5F627D}"
EndProject
Project("{2150E333-8FDC-42A3-9474-1A3956D46DE8}") = "演習問題", "演習問題", "{E93365F2-5D8B-4066-A5D1-A28576C5E4B6}"
EndProject
Project("{FAE04EC0-301F-11D3-BF4B-00C04F79EFBC}") = "Section01", "Chapter06\Section01\Section01.csproj", "{032B3B69-1CD1-44FD-9DE0-A61465C8FF28}"
EndProject
Project("{FAE04EC0-301F-11D3-BF4B-00C04F79EFBC}") = "Exercise02", "Chapter06\Exercise02\Exercise02\Exercise02.csproj", "{ACE973D7-DF68-4E43-914E-75F0F753BB75}"
EndProject
Project("{2150E333-8FDC-42A3-9474-1A3956D46DE8}") = "Chapter07", "Chapter07", "{A3B8AF43-D93E-4B2B-8840-465A228898E5}"
EndProject
Project("{FAE04EC0-301F-11D3-BF4B-00C04F79EFBC}") = "Section01", "Chapter07\Section01\Section01.csproj", "{2C7DB1EB-AB41-42BB-9968-ED097AE5ED39}"
EndProject
Project("{FAE04EC0-301F-11D3-BF4B-00C04F79EFBC}") = "Section02", "Chapter07\Section02\Section02\Section02.csproj", "{FE6BDC1A-4659-4D0A-A6CF-69F1A8CAF07A}"
EndProject
Project("{2150E333-8FDC-42A3-9474-1A3956D46DE8}") = "試験01", "試験01", "{970A4165-0DAE-4D1D-B4DD-4B79C60DB61C}"
EndProject
Project("{FAE04EC0-301F-11D3-BF4B-00C04F79EFBC}") = "Test01", "TestProject\Test01\Test01.csproj", "{2BFACDC3-F44D-4199-8498-F5C3C4AC0335}"
EndProject
Project("{FAE04EC0-301F-11D3-BF4B-00C04F79EFBC}") = "Test02", "TestProject\Test02\Test02.csproj", "{E461C0A8-8900-485C-B520-E929BA33F712}"
EndProject
Project("{FAE04EC0-301F-11D3-BF4B-00C04F79EFBC}") = "Section03", "Chapter07\Section03\Section03.csproj", "{50EDB034-5BEA-458A-9C87-CF6716C0F0C4}"
EndProject
Project("{2150E333-8FDC-42A3-9474-1A3956D46DE8}") = "演習問題", "演習問題", "{9C2B74A9-840D-49A8-BE33-868AA38FBBDA}"
EndProject
Project("{FAE04EC0-301F-11D3-BF4B-00C04F79EFBC}") = "Exercise01", "Chapter07\演習問題\Exercise01\Exercise01.csproj", "{9DC5D1E1-CADF-4806-A35E-45E0785F2454}"
EndProject
Project("{FAE04EC0-301F-11D3-BF4B-00C04F79EFBC}") = "Exercise02", "Chapter07\演習問題\Exercise02\Exercise02.csproj", "{71F057C2-2B67-466C-855A-8B19C0CA6624}"
EndProject
Project("{2150E333-8FDC-42A3-9474-1A3956D46DE8}") = "Chapter08", "Chapter08", "{91E95058-71FF-466B-BE08-5946C168F5E8}"
EndProject
Project("{2150E333-8FDC-42A3-9474-1A3956D46DE8}") = "演習問題", "演習問題", "{56DFBA03-3F88-4369-9ED3-29C77008FBCE}"
EndProject
Project("{FAE04EC0-301F-11D3-BF4B-00C04F79EFBC}") = "Exercise01", "Chapter08\演習問題\Exercise01\Exercise01.csproj", "{ADF8FA1C-8CE9-4B66-A4E4-86EEC8419EB4}"
EndProject
Project("{FAE04EC0-301F-11D3-BF4B-00C04F79EFBC}") = "Exercise02", "Chapter08\演習問題\Exercise02\Exercise02.csproj", "{78A196AC-2B34-454C-8E01-6E45F1FF98A4}"
EndProject
Project("{FAE04EC0-301F-11D3-BF4B-00C04F79EFBC}") = "Exercise03", "Chapter08\演習問題\Exercise03\Exercise03.csproj", "{54663767-A48C-485F-A992-D5930322AB90}"
EndProject
Project("{2150E333-8FDC-42A3-9474-1A3956D46DE8}") = "フォームアプリケーション", "フォームアプリケーション", "{F07AC353-1F1B-410E-B34B-F8DAA53B39DC}"
EndProject
Project("{FAE04EC0-301F-11D3-BF4B-00C04F79EFBC}") = "CalendarApp", "Chapter08\フォームアプリケーション\CalendarApp\CalendarApp.csproj", "{3B694C96-B51E-4CBE-9A4A-105737769096}"
EndProject
Project("{2150E333-8FDC-42A3-9474-1A3956D46DE8}") = "FormApps", "FormApps", "{EE2B38DE-A744-4CC7-A6BF-8387C2A5FFED}"
EndProject
Project("{FAE04EC0-301F-11D3-BF4B-00C04F79EFBC}") = "CarReportSystem", "FormApps\CarReportSystem\CarReportSystem.csproj", "{84A1C25D-6DE3-43A1-891E-B024A3AC1F48}"
EndProject
Project("{2150E333-8FDC-42A3-9474-1A3956D46DE8}") = "Chapter13", "Chapter13", "{7014F7F0-BE0D-49A1-AA8C-356A5BA9C3D8}"
EndProject
Project("{FAE04EC0-301F-11D3-BF4B-00C04F79EFBC}") = "SampleEntityFramework", "Chapter13\SampleEntityFramework\SampleEntityFramework.csproj", "{EE08FBD9-0055-4ED6-8976-E4341E1BB3EB}"
EndProject
Project("{2150E333-8FDC-42A3-9474-1A3956D46DE8}") = "Chapter14", "Chapter14", "{B986F350-1715-4A1B-A1B8-B72DA4113463}"
EndProject
Project("{FAE04EC0-301F-11D3-BF4B-00C04F79EFBC}") = "Section01", "Chapter14\Section01\Section01.csproj", "{56EC7335-2B30-4B62-A0AB-9955DF87CC33}"
EndProject
Project("{FAE04EC0-301F-11D3-BF4B-00C04F79EFBC}") = "Section02", "Chapter14\Section02\Section02.csproj", "{E29C0C2B-C984-4BA6-8CB7-8AF0DAA9226A}"
EndProject
Project("{FAE04EC0-301F-11D3-BF4B-00C04F79EFBC}") = "Section04", "Chapter14\Section04\Section04.csproj", "{314C75EA-3352-4C64-ACE4-490084031016}"
EndProject
Project("{FAE04EC0-301F-11D3-BF4B-00C04F79EFBC}") = "RssReader", "FormApps\RssReader\RssReader.csproj", "{F12E7225-2A99-478C-9B4E-C34A60771436}"
EndProject
Project("{2150E333-8FDC-42A3-9474-1A3956D46DE8}") = "Chapter10", "Chapter10", "{6FFF0861-5111-42AC-AE24-C33658251C67}"
EndProject
Project("{FAE04EC0-301F-11D3-BF4B-00C04F79EFBC}") = "Section02", "Chapter10\Section02\Section02.csproj", "{5C22E8DC-F589-4598-AE4B-1C4BA9DE1483}"
EndProject
Project("{FAE04EC0-301F-11D3-BF4B-00C04F79EFBC}") = "Section03", "Chapter10\Section03\Section03.csproj", "{49BFD8DC-C072-417D-8A6F-9FF4E14F5C8F}"
EndProject
Project("{2150E333-8FDC-42A3-9474-1A3956D46DE8}") = "演習問題", "演習問題", "{A35B7B57-6F43-4F43-85CC-8DD7942E5D4A}"
EndProject
Project("{FAE04EC0-301F-11D3-BF4B-00C04F79EFBC}") = "Exercise01", "Chapter10\演習問題\Exercise01\Exercise01.csproj", "{BC7FEEA3-44FA-42D8-854B-FAD1449C5AE5}"
EndProject
Project("{FAE04EC0-301F-11D3-BF4B-00C04F79EFBC}") = "Exercise02", "Chapter10\演習問題\Exercise02\Exercise02.csproj", "{793DBE0F-63B1-4030-88B4-3ED4F8CA464D}"
EndProject
Project("{FAE04EC0-301F-11D3-BF4B-00C04F79EFBC}") = "Exercise05", "Chapter10\演習問題\Exercise05\Exercise05\Exercise05.csproj", "{E768D861-6CBC-480B-902C-5097211A0460}"
EndProject
Project("{FAE04EC0-301F-11D3-BF4B-00C04F79EFBC}") = "Exercise03", "Chapter10\演習問題\Exercise03\Exercise03\Exercise03.csproj", "{5F6E4AE4-53A1-4086-9982-7DE24BC59126}"
EndProject
Project("{FAE04EC0-301F-11D3-BF4B-00C04F79EFBC}") = "Exercise04", "Chapter10\演習問題\Exercise04\Exercise04\Exercise04.csproj", "{4276E2A8-19BA-4300-8060-29CFA6A4D3F5}"
EndProject
Project("{FAE04EC0-301F-11D3-BF4B-00C04F79EFBC}") = "Exercise06", "Chapter10\演習問題\Exercise06\Exercise06\Exercise06.csproj", "{19150FEE-1E18-4FF6-A383-2353463F23EF}"
EndProject
Global
	GlobalSection(SolutionConfigurationPlatforms) = preSolution
		Debug|Any CPU = Debug|Any CPU
		Release|Any CPU = Release|Any CPU
	EndGlobalSection
	GlobalSection(ProjectConfigurationPlatforms) = postSolution
		{6F71511D-A975-4D12-91A6-108399FB67AA}.Debug|Any CPU.ActiveCfg = Debug|Any CPU
		{6F71511D-A975-4D12-91A6-108399FB67AA}.Debug|Any CPU.Build.0 = Debug|Any CPU
		{6F71511D-A975-4D12-91A6-108399FB67AA}.Release|Any CPU.ActiveCfg = Release|Any CPU
		{6F71511D-A975-4D12-91A6-108399FB67AA}.Release|Any CPU.Build.0 = Release|Any CPU
		{8D9C36E4-DB17-4C2F-941D-CD51A6C89585}.Debug|Any CPU.ActiveCfg = Debug|Any CPU
		{8D9C36E4-DB17-4C2F-941D-CD51A6C89585}.Debug|Any CPU.Build.0 = Debug|Any CPU
		{8D9C36E4-DB17-4C2F-941D-CD51A6C89585}.Release|Any CPU.ActiveCfg = Release|Any CPU
		{8D9C36E4-DB17-4C2F-941D-CD51A6C89585}.Release|Any CPU.Build.0 = Release|Any CPU
		{907D0A39-EC77-4B50-91BD-FE0049C420E4}.Debug|Any CPU.ActiveCfg = Debug|Any CPU
		{907D0A39-EC77-4B50-91BD-FE0049C420E4}.Debug|Any CPU.Build.0 = Debug|Any CPU
		{907D0A39-EC77-4B50-91BD-FE0049C420E4}.Release|Any CPU.ActiveCfg = Release|Any CPU
		{907D0A39-EC77-4B50-91BD-FE0049C420E4}.Release|Any CPU.Build.0 = Release|Any CPU
		{3BA4F4C9-D082-44FD-AA28-50246D81C034}.Debug|Any CPU.ActiveCfg = Debug|Any CPU
		{3BA4F4C9-D082-44FD-AA28-50246D81C034}.Debug|Any CPU.Build.0 = Debug|Any CPU
		{3BA4F4C9-D082-44FD-AA28-50246D81C034}.Release|Any CPU.ActiveCfg = Release|Any CPU
		{3BA4F4C9-D082-44FD-AA28-50246D81C034}.Release|Any CPU.Build.0 = Release|Any CPU
		{7E18C83C-9FE0-40AE-8407-706E8962C0D3}.Debug|Any CPU.ActiveCfg = Debug|Any CPU
		{7E18C83C-9FE0-40AE-8407-706E8962C0D3}.Debug|Any CPU.Build.0 = Debug|Any CPU
		{7E18C83C-9FE0-40AE-8407-706E8962C0D3}.Release|Any CPU.ActiveCfg = Release|Any CPU
		{7E18C83C-9FE0-40AE-8407-706E8962C0D3}.Release|Any CPU.Build.0 = Release|Any CPU
		{DBCC6CC6-C639-4C39-964B-8D8516402243}.Debug|Any CPU.ActiveCfg = Debug|Any CPU
		{DBCC6CC6-C639-4C39-964B-8D8516402243}.Debug|Any CPU.Build.0 = Debug|Any CPU
		{DBCC6CC6-C639-4C39-964B-8D8516402243}.Release|Any CPU.ActiveCfg = Release|Any CPU
		{DBCC6CC6-C639-4C39-964B-8D8516402243}.Release|Any CPU.Build.0 = Release|Any CPU
		{DC2BA04E-1965-4DCC-AD00-C56B7D573C14}.Debug|Any CPU.ActiveCfg = Debug|Any CPU
		{DC2BA04E-1965-4DCC-AD00-C56B7D573C14}.Debug|Any CPU.Build.0 = Debug|Any CPU
		{DC2BA04E-1965-4DCC-AD00-C56B7D573C14}.Release|Any CPU.ActiveCfg = Release|Any CPU
		{DC2BA04E-1965-4DCC-AD00-C56B7D573C14}.Release|Any CPU.Build.0 = Release|Any CPU
		{D8FA8FA7-53B3-418D-B117-E75927F6551F}.Debug|Any CPU.ActiveCfg = Debug|Any CPU
		{D8FA8FA7-53B3-418D-B117-E75927F6551F}.Debug|Any CPU.Build.0 = Debug|Any CPU
		{D8FA8FA7-53B3-418D-B117-E75927F6551F}.Release|Any CPU.ActiveCfg = Release|Any CPU
		{D8FA8FA7-53B3-418D-B117-E75927F6551F}.Release|Any CPU.Build.0 = Release|Any CPU
		{A2301D11-DA1F-4F0F-8DC6-6BD3C974ECCD}.Debug|Any CPU.ActiveCfg = Debug|Any CPU
		{A2301D11-DA1F-4F0F-8DC6-6BD3C974ECCD}.Debug|Any CPU.Build.0 = Debug|Any CPU
		{A2301D11-DA1F-4F0F-8DC6-6BD3C974ECCD}.Release|Any CPU.ActiveCfg = Release|Any CPU
		{A2301D11-DA1F-4F0F-8DC6-6BD3C974ECCD}.Release|Any CPU.Build.0 = Release|Any CPU
		{155EA5E1-1D2C-495E-AAF0-8A7FD31D0C97}.Debug|Any CPU.ActiveCfg = Debug|Any CPU
		{155EA5E1-1D2C-495E-AAF0-8A7FD31D0C97}.Debug|Any CPU.Build.0 = Debug|Any CPU
		{155EA5E1-1D2C-495E-AAF0-8A7FD31D0C97}.Release|Any CPU.ActiveCfg = Release|Any CPU
		{155EA5E1-1D2C-495E-AAF0-8A7FD31D0C97}.Release|Any CPU.Build.0 = Release|Any CPU
		{7C69D2AB-BB10-4F13-884C-1455E504F114}.Debug|Any CPU.ActiveCfg = Debug|Any CPU
		{7C69D2AB-BB10-4F13-884C-1455E504F114}.Debug|Any CPU.Build.0 = Debug|Any CPU
		{7C69D2AB-BB10-4F13-884C-1455E504F114}.Release|Any CPU.ActiveCfg = Release|Any CPU
		{7C69D2AB-BB10-4F13-884C-1455E504F114}.Release|Any CPU.Build.0 = Release|Any CPU
		{54495787-4290-462C-9607-70AF80EC6B8B}.Debug|Any CPU.ActiveCfg = Debug|Any CPU
		{54495787-4290-462C-9607-70AF80EC6B8B}.Debug|Any CPU.Build.0 = Debug|Any CPU
		{54495787-4290-462C-9607-70AF80EC6B8B}.Release|Any CPU.ActiveCfg = Release|Any CPU
		{54495787-4290-462C-9607-70AF80EC6B8B}.Release|Any CPU.Build.0 = Release|Any CPU
		{306B64A1-4FD5-4BDE-98ED-FE4229EC2C64}.Debug|Any CPU.ActiveCfg = Debug|Any CPU
		{306B64A1-4FD5-4BDE-98ED-FE4229EC2C64}.Debug|Any CPU.Build.0 = Debug|Any CPU
		{306B64A1-4FD5-4BDE-98ED-FE4229EC2C64}.Release|Any CPU.ActiveCfg = Release|Any CPU
		{306B64A1-4FD5-4BDE-98ED-FE4229EC2C64}.Release|Any CPU.Build.0 = Release|Any CPU
		{D9D0536A-6534-41DE-B50D-2EAEF715ECCE}.Debug|Any CPU.ActiveCfg = Debug|Any CPU
		{D9D0536A-6534-41DE-B50D-2EAEF715ECCE}.Debug|Any CPU.Build.0 = Debug|Any CPU
		{D9D0536A-6534-41DE-B50D-2EAEF715ECCE}.Release|Any CPU.ActiveCfg = Release|Any CPU
		{D9D0536A-6534-41DE-B50D-2EAEF715ECCE}.Release|Any CPU.Build.0 = Release|Any CPU
		{244A2D2A-30BE-47C5-B216-D0241EF2E85D}.Debug|Any CPU.ActiveCfg = Debug|Any CPU
		{244A2D2A-30BE-47C5-B216-D0241EF2E85D}.Debug|Any CPU.Build.0 = Debug|Any CPU
		{244A2D2A-30BE-47C5-B216-D0241EF2E85D}.Release|Any CPU.ActiveCfg = Release|Any CPU
		{244A2D2A-30BE-47C5-B216-D0241EF2E85D}.Release|Any CPU.Build.0 = Release|Any CPU
		{1FCFAC4F-D525-42D0-82E5-0EFFA2E747F5}.Debug|Any CPU.ActiveCfg = Debug|Any CPU
		{1FCFAC4F-D525-42D0-82E5-0EFFA2E747F5}.Debug|Any CPU.Build.0 = Debug|Any CPU
		{1FCFAC4F-D525-42D0-82E5-0EFFA2E747F5}.Release|Any CPU.ActiveCfg = Release|Any CPU
		{1FCFAC4F-D525-42D0-82E5-0EFFA2E747F5}.Release|Any CPU.Build.0 = Release|Any CPU
		{032B3B69-1CD1-44FD-9DE0-A61465C8FF28}.Debug|Any CPU.ActiveCfg = Debug|Any CPU
		{032B3B69-1CD1-44FD-9DE0-A61465C8FF28}.Debug|Any CPU.Build.0 = Debug|Any CPU
		{032B3B69-1CD1-44FD-9DE0-A61465C8FF28}.Release|Any CPU.ActiveCfg = Release|Any CPU
		{032B3B69-1CD1-44FD-9DE0-A61465C8FF28}.Release|Any CPU.Build.0 = Release|Any CPU
		{ACE973D7-DF68-4E43-914E-75F0F753BB75}.Debug|Any CPU.ActiveCfg = Debug|Any CPU
		{ACE973D7-DF68-4E43-914E-75F0F753BB75}.Debug|Any CPU.Build.0 = Debug|Any CPU
		{ACE973D7-DF68-4E43-914E-75F0F753BB75}.Release|Any CPU.ActiveCfg = Release|Any CPU
		{ACE973D7-DF68-4E43-914E-75F0F753BB75}.Release|Any CPU.Build.0 = Release|Any CPU
		{2C7DB1EB-AB41-42BB-9968-ED097AE5ED39}.Debug|Any CPU.ActiveCfg = Debug|Any CPU
		{2C7DB1EB-AB41-42BB-9968-ED097AE5ED39}.Debug|Any CPU.Build.0 = Debug|Any CPU
		{2C7DB1EB-AB41-42BB-9968-ED097AE5ED39}.Release|Any CPU.ActiveCfg = Release|Any CPU
		{2C7DB1EB-AB41-42BB-9968-ED097AE5ED39}.Release|Any CPU.Build.0 = Release|Any CPU
		{FE6BDC1A-4659-4D0A-A6CF-69F1A8CAF07A}.Debug|Any CPU.ActiveCfg = Debug|Any CPU
		{FE6BDC1A-4659-4D0A-A6CF-69F1A8CAF07A}.Debug|Any CPU.Build.0 = Debug|Any CPU
		{FE6BDC1A-4659-4D0A-A6CF-69F1A8CAF07A}.Release|Any CPU.ActiveCfg = Release|Any CPU
		{FE6BDC1A-4659-4D0A-A6CF-69F1A8CAF07A}.Release|Any CPU.Build.0 = Release|Any CPU
		{2BFACDC3-F44D-4199-8498-F5C3C4AC0335}.Debug|Any CPU.ActiveCfg = Debug|Any CPU
		{2BFACDC3-F44D-4199-8498-F5C3C4AC0335}.Debug|Any CPU.Build.0 = Debug|Any CPU
		{2BFACDC3-F44D-4199-8498-F5C3C4AC0335}.Release|Any CPU.ActiveCfg = Release|Any CPU
		{2BFACDC3-F44D-4199-8498-F5C3C4AC0335}.Release|Any CPU.Build.0 = Release|Any CPU
		{E461C0A8-8900-485C-B520-E929BA33F712}.Debug|Any CPU.ActiveCfg = Debug|Any CPU
		{E461C0A8-8900-485C-B520-E929BA33F712}.Debug|Any CPU.Build.0 = Debug|Any CPU
		{E461C0A8-8900-485C-B520-E929BA33F712}.Release|Any CPU.ActiveCfg = Release|Any CPU
		{E461C0A8-8900-485C-B520-E929BA33F712}.Release|Any CPU.Build.0 = Release|Any CPU
		{50EDB034-5BEA-458A-9C87-CF6716C0F0C4}.Debug|Any CPU.ActiveCfg = Debug|Any CPU
		{50EDB034-5BEA-458A-9C87-CF6716C0F0C4}.Debug|Any CPU.Build.0 = Debug|Any CPU
		{50EDB034-5BEA-458A-9C87-CF6716C0F0C4}.Release|Any CPU.ActiveCfg = Release|Any CPU
		{50EDB034-5BEA-458A-9C87-CF6716C0F0C4}.Release|Any CPU.Build.0 = Release|Any CPU
		{9DC5D1E1-CADF-4806-A35E-45E0785F2454}.Debug|Any CPU.ActiveCfg = Debug|Any CPU
		{9DC5D1E1-CADF-4806-A35E-45E0785F2454}.Debug|Any CPU.Build.0 = Debug|Any CPU
		{9DC5D1E1-CADF-4806-A35E-45E0785F2454}.Release|Any CPU.ActiveCfg = Release|Any CPU
		{9DC5D1E1-CADF-4806-A35E-45E0785F2454}.Release|Any CPU.Build.0 = Release|Any CPU
		{71F057C2-2B67-466C-855A-8B19C0CA6624}.Debug|Any CPU.ActiveCfg = Debug|Any CPU
		{71F057C2-2B67-466C-855A-8B19C0CA6624}.Debug|Any CPU.Build.0 = Debug|Any CPU
		{71F057C2-2B67-466C-855A-8B19C0CA6624}.Release|Any CPU.ActiveCfg = Release|Any CPU
		{71F057C2-2B67-466C-855A-8B19C0CA6624}.Release|Any CPU.Build.0 = Release|Any CPU
		{ADF8FA1C-8CE9-4B66-A4E4-86EEC8419EB4}.Debug|Any CPU.ActiveCfg = Debug|Any CPU
		{ADF8FA1C-8CE9-4B66-A4E4-86EEC8419EB4}.Debug|Any CPU.Build.0 = Debug|Any CPU
		{ADF8FA1C-8CE9-4B66-A4E4-86EEC8419EB4}.Release|Any CPU.ActiveCfg = Release|Any CPU
		{ADF8FA1C-8CE9-4B66-A4E4-86EEC8419EB4}.Release|Any CPU.Build.0 = Release|Any CPU
		{78A196AC-2B34-454C-8E01-6E45F1FF98A4}.Debug|Any CPU.ActiveCfg = Debug|Any CPU
		{78A196AC-2B34-454C-8E01-6E45F1FF98A4}.Debug|Any CPU.Build.0 = Debug|Any CPU
		{78A196AC-2B34-454C-8E01-6E45F1FF98A4}.Release|Any CPU.ActiveCfg = Release|Any CPU
		{78A196AC-2B34-454C-8E01-6E45F1FF98A4}.Release|Any CPU.Build.0 = Release|Any CPU
		{54663767-A48C-485F-A992-D5930322AB90}.Debug|Any CPU.ActiveCfg = Debug|Any CPU
		{54663767-A48C-485F-A992-D5930322AB90}.Debug|Any CPU.Build.0 = Debug|Any CPU
		{54663767-A48C-485F-A992-D5930322AB90}.Release|Any CPU.ActiveCfg = Release|Any CPU
		{54663767-A48C-485F-A992-D5930322AB90}.Release|Any CPU.Build.0 = Release|Any CPU
		{3B694C96-B51E-4CBE-9A4A-105737769096}.Debug|Any CPU.ActiveCfg = Debug|Any CPU
		{3B694C96-B51E-4CBE-9A4A-105737769096}.Debug|Any CPU.Build.0 = Debug|Any CPU
		{3B694C96-B51E-4CBE-9A4A-105737769096}.Release|Any CPU.ActiveCfg = Release|Any CPU
		{3B694C96-B51E-4CBE-9A4A-105737769096}.Release|Any CPU.Build.0 = Release|Any CPU
		{84A1C25D-6DE3-43A1-891E-B024A3AC1F48}.Debug|Any CPU.ActiveCfg = Debug|Any CPU
		{84A1C25D-6DE3-43A1-891E-B024A3AC1F48}.Debug|Any CPU.Build.0 = Debug|Any CPU
		{84A1C25D-6DE3-43A1-891E-B024A3AC1F48}.Release|Any CPU.ActiveCfg = Release|Any CPU
		{84A1C25D-6DE3-43A1-891E-B024A3AC1F48}.Release|Any CPU.Build.0 = Release|Any CPU
		{EE08FBD9-0055-4ED6-8976-E4341E1BB3EB}.Debug|Any CPU.ActiveCfg = Debug|Any CPU
		{EE08FBD9-0055-4ED6-8976-E4341E1BB3EB}.Debug|Any CPU.Build.0 = Debug|Any CPU
		{EE08FBD9-0055-4ED6-8976-E4341E1BB3EB}.Release|Any CPU.ActiveCfg = Release|Any CPU
		{EE08FBD9-0055-4ED6-8976-E4341E1BB3EB}.Release|Any CPU.Build.0 = Release|Any CPU
		{56EC7335-2B30-4B62-A0AB-9955DF87CC33}.Debug|Any CPU.ActiveCfg = Debug|Any CPU
		{56EC7335-2B30-4B62-A0AB-9955DF87CC33}.Debug|Any CPU.Build.0 = Debug|Any CPU
		{56EC7335-2B30-4B62-A0AB-9955DF87CC33}.Release|Any CPU.ActiveCfg = Release|Any CPU
		{56EC7335-2B30-4B62-A0AB-9955DF87CC33}.Release|Any CPU.Build.0 = Release|Any CPU
		{E29C0C2B-C984-4BA6-8CB7-8AF0DAA9226A}.Debug|Any CPU.ActiveCfg = Debug|Any CPU
		{E29C0C2B-C984-4BA6-8CB7-8AF0DAA9226A}.Debug|Any CPU.Build.0 = Debug|Any CPU
		{E29C0C2B-C984-4BA6-8CB7-8AF0DAA9226A}.Release|Any CPU.ActiveCfg = Release|Any CPU
		{E29C0C2B-C984-4BA6-8CB7-8AF0DAA9226A}.Release|Any CPU.Build.0 = Release|Any CPU
		{314C75EA-3352-4C64-ACE4-490084031016}.Debug|Any CPU.ActiveCfg = Debug|Any CPU
		{314C75EA-3352-4C64-ACE4-490084031016}.Debug|Any CPU.Build.0 = Debug|Any CPU
		{314C75EA-3352-4C64-ACE4-490084031016}.Release|Any CPU.ActiveCfg = Release|Any CPU
		{314C75EA-3352-4C64-ACE4-490084031016}.Release|Any CPU.Build.0 = Release|Any CPU
		{F12E7225-2A99-478C-9B4E-C34A60771436}.Debug|Any CPU.ActiveCfg = Debug|Any CPU
		{F12E7225-2A99-478C-9B4E-C34A60771436}.Debug|Any CPU.Build.0 = Debug|Any CPU
		{F12E7225-2A99-478C-9B4E-C34A60771436}.Release|Any CPU.ActiveCfg = Release|Any CPU
		{F12E7225-2A99-478C-9B4E-C34A60771436}.Release|Any CPU.Build.0 = Release|Any CPU
		{5C22E8DC-F589-4598-AE4B-1C4BA9DE1483}.Debug|Any CPU.ActiveCfg = Debug|Any CPU
		{5C22E8DC-F589-4598-AE4B-1C4BA9DE1483}.Debug|Any CPU.Build.0 = Debug|Any CPU
		{5C22E8DC-F589-4598-AE4B-1C4BA9DE1483}.Release|Any CPU.ActiveCfg = Release|Any CPU
		{5C22E8DC-F589-4598-AE4B-1C4BA9DE1483}.Release|Any CPU.Build.0 = Release|Any CPU
		{49BFD8DC-C072-417D-8A6F-9FF4E14F5C8F}.Debug|Any CPU.ActiveCfg = Debug|Any CPU
		{49BFD8DC-C072-417D-8A6F-9FF4E14F5C8F}.Debug|Any CPU.Build.0 = Debug|Any CPU
		{49BFD8DC-C072-417D-8A6F-9FF4E14F5C8F}.Release|Any CPU.ActiveCfg = Release|Any CPU
		{49BFD8DC-C072-417D-8A6F-9FF4E14F5C8F}.Release|Any CPU.Build.0 = Release|Any CPU
		{BC7FEEA3-44FA-42D8-854B-FAD1449C5AE5}.Debug|Any CPU.ActiveCfg = Debug|Any CPU
		{BC7FEEA3-44FA-42D8-854B-FAD1449C5AE5}.Debug|Any CPU.Build.0 = Debug|Any CPU
		{BC7FEEA3-44FA-42D8-854B-FAD1449C5AE5}.Release|Any CPU.ActiveCfg = Release|Any CPU
		{BC7FEEA3-44FA-42D8-854B-FAD1449C5AE5}.Release|Any CPU.Build.0 = Release|Any CPU
		{793DBE0F-63B1-4030-88B4-3ED4F8CA464D}.Debug|Any CPU.ActiveCfg = Debug|Any CPU
		{793DBE0F-63B1-4030-88B4-3ED4F8CA464D}.Debug|Any CPU.Build.0 = Debug|Any CPU
		{793DBE0F-63B1-4030-88B4-3ED4F8CA464D}.Release|Any CPU.ActiveCfg = Release|Any CPU
		{793DBE0F-63B1-4030-88B4-3ED4F8CA464D}.Release|Any CPU.Build.0 = Release|Any CPU
		{E768D861-6CBC-480B-902C-5097211A0460}.Debug|Any CPU.ActiveCfg = Debug|Any CPU
		{E768D861-6CBC-480B-902C-5097211A0460}.Debug|Any CPU.Build.0 = Debug|Any CPU
		{E768D861-6CBC-480B-902C-5097211A0460}.Release|Any CPU.ActiveCfg = Release|Any CPU
		{E768D861-6CBC-480B-902C-5097211A0460}.Release|Any CPU.Build.0 = Release|Any CPU
		{5F6E4AE4-53A1-4086-9982-7DE24BC59126}.Debug|Any CPU.ActiveCfg = Debug|Any CPU
		{5F6E4AE4-53A1-4086-9982-7DE24BC59126}.Debug|Any CPU.Build.0 = Debug|Any CPU
		{5F6E4AE4-53A1-4086-9982-7DE24BC59126}.Release|Any CPU.ActiveCfg = Release|Any CPU
		{5F6E4AE4-53A1-4086-9982-7DE24BC59126}.Release|Any CPU.Build.0 = Release|Any CPU
		{4276E2A8-19BA-4300-8060-29CFA6A4D3F5}.Debug|Any CPU.ActiveCfg = Debug|Any CPU
		{4276E2A8-19BA-4300-8060-29CFA6A4D3F5}.Debug|Any CPU.Build.0 = Debug|Any CPU
		{4276E2A8-19BA-4300-8060-29CFA6A4D3F5}.Release|Any CPU.ActiveCfg = Release|Any CPU
		{4276E2A8-19BA-4300-8060-29CFA6A4D3F5}.Release|Any CPU.Build.0 = Release|Any CPU
		{19150FEE-1E18-4FF6-A383-2353463F23EF}.Debug|Any CPU.ActiveCfg = Debug|Any CPU
		{19150FEE-1E18-4FF6-A383-2353463F23EF}.Debug|Any CPU.Build.0 = Debug|Any CPU
		{19150FEE-1E18-4FF6-A383-2353463F23EF}.Release|Any CPU.ActiveCfg = Release|Any CPU
		{19150FEE-1E18-4FF6-A383-2353463F23EF}.Release|Any CPU.Build.0 = Release|Any CPU
	EndGlobalSection
	GlobalSection(SolutionProperties) = preSolution
		HideSolutionNode = FALSE
	EndGlobalSection
	GlobalSection(NestedProjects) = preSolution
		{6F71511D-A975-4D12-91A6-108399FB67AA} = {F98E0CB3-DDEB-4E20-895D-3BB7425D294E}
		{8D9C36E4-DB17-4C2F-941D-CD51A6C89585} = {F98E0CB3-DDEB-4E20-895D-3BB7425D294E}
		{907D0A39-EC77-4B50-91BD-FE0049C420E4} = {F98E0CB3-DDEB-4E20-895D-3BB7425D294E}
		{3BA4F4C9-D082-44FD-AA28-50246D81C034} = {3166CF4D-7153-413D-8EA4-0C936199BABF}
		{60C8FF8C-75EB-43C9-A37C-0145E6CDBD14} = {5983C8F9-4315-4ADE-BECA-0732CA5A6E24}
		{7E18C83C-9FE0-40AE-8407-706E8962C0D3} = {60C8FF8C-75EB-43C9-A37C-0145E6CDBD14}
		{CED88FEB-0D67-4BEA-A358-6CC40AE2EBD5} = {5983C8F9-4315-4ADE-BECA-0732CA5A6E24}
		{DBCC6CC6-C639-4C39-964B-8D8516402243} = {CED88FEB-0D67-4BEA-A358-6CC40AE2EBD5}
		{0FE330F9-B108-4550-B2C4-FE473C380D7D} = {5983C8F9-4315-4ADE-BECA-0732CA5A6E24}
		{DC2BA04E-1965-4DCC-AD00-C56B7D573C14} = {0FE330F9-B108-4550-B2C4-FE473C380D7D}
		{D8FA8FA7-53B3-418D-B117-E75927F6551F} = {0FE330F9-B108-4550-B2C4-FE473C380D7D}
		{A2301D11-DA1F-4F0F-8DC6-6BD3C974ECCD} = {0FE330F9-B108-4550-B2C4-FE473C380D7D}
		{155EA5E1-1D2C-495E-AAF0-8A7FD31D0C97} = {7F3765B4-28A2-4F8B-B814-1D5E93D81344}
		{7C69D2AB-BB10-4F13-884C-1455E504F114} = {7F3765B4-28A2-4F8B-B814-1D5E93D81344}
		{54495787-4290-462C-9607-70AF80EC6B8B} = {7F3765B4-28A2-4F8B-B814-1D5E93D81344}
		{7024D317-9889-4D6A-BA6C-74716BE6BC0C} = {7F3765B4-28A2-4F8B-B814-1D5E93D81344}
		{306B64A1-4FD5-4BDE-98ED-FE4229EC2C64} = {7024D317-9889-4D6A-BA6C-74716BE6BC0C}
		{D9D0536A-6534-41DE-B50D-2EAEF715ECCE} = {7024D317-9889-4D6A-BA6C-74716BE6BC0C}
		{8B77CB0F-49B6-4957-8048-B5B6F1A7410B} = {45D68146-AE29-4936-B266-BFEF99865FB6}
		{244A2D2A-30BE-47C5-B216-D0241EF2E85D} = {8B77CB0F-49B6-4957-8048-B5B6F1A7410B}
		{1FCFAC4F-D525-42D0-82E5-0EFFA2E747F5} = {8B77CB0F-49B6-4957-8048-B5B6F1A7410B}
		{E93365F2-5D8B-4066-A5D1-A28576C5E4B6} = {02E401BE-185A-430B-BAB8-BF1A7C5F627D}
		{032B3B69-1CD1-44FD-9DE0-A61465C8FF28} = {02E401BE-185A-430B-BAB8-BF1A7C5F627D}
		{ACE973D7-DF68-4E43-914E-75F0F753BB75} = {E93365F2-5D8B-4066-A5D1-A28576C5E4B6}
		{2C7DB1EB-AB41-42BB-9968-ED097AE5ED39} = {A3B8AF43-D93E-4B2B-8840-465A228898E5}
		{FE6BDC1A-4659-4D0A-A6CF-69F1A8CAF07A} = {A3B8AF43-D93E-4B2B-8840-465A228898E5}
		{2BFACDC3-F44D-4199-8498-F5C3C4AC0335} = {970A4165-0DAE-4D1D-B4DD-4B79C60DB61C}
		{E461C0A8-8900-485C-B520-E929BA33F712} = {970A4165-0DAE-4D1D-B4DD-4B79C60DB61C}
		{50EDB034-5BEA-458A-9C87-CF6716C0F0C4} = {A3B8AF43-D93E-4B2B-8840-465A228898E5}
		{9C2B74A9-840D-49A8-BE33-868AA38FBBDA} = {A3B8AF43-D93E-4B2B-8840-465A228898E5}
		{9DC5D1E1-CADF-4806-A35E-45E0785F2454} = {9C2B74A9-840D-49A8-BE33-868AA38FBBDA}
		{71F057C2-2B67-466C-855A-8B19C0CA6624} = {9C2B74A9-840D-49A8-BE33-868AA38FBBDA}
		{56DFBA03-3F88-4369-9ED3-29C77008FBCE} = {91E95058-71FF-466B-BE08-5946C168F5E8}
		{ADF8FA1C-8CE9-4B66-A4E4-86EEC8419EB4} = {56DFBA03-3F88-4369-9ED3-29C77008FBCE}
		{78A196AC-2B34-454C-8E01-6E45F1FF98A4} = {56DFBA03-3F88-4369-9ED3-29C77008FBCE}
		{54663767-A48C-485F-A992-D5930322AB90} = {56DFBA03-3F88-4369-9ED3-29C77008FBCE}
		{F07AC353-1F1B-410E-B34B-F8DAA53B39DC} = {91E95058-71FF-466B-BE08-5946C168F5E8}
		{3B694C96-B51E-4CBE-9A4A-105737769096} = {F07AC353-1F1B-410E-B34B-F8DAA53B39DC}
		{84A1C25D-6DE3-43A1-891E-B024A3AC1F48} = {EE2B38DE-A744-4CC7-A6BF-8387C2A5FFED}
		{EE08FBD9-0055-4ED6-8976-E4341E1BB3EB} = {7014F7F0-BE0D-49A1-AA8C-356A5BA9C3D8}
		{56EC7335-2B30-4B62-A0AB-9955DF87CC33} = {B986F350-1715-4A1B-A1B8-B72DA4113463}
		{E29C0C2B-C984-4BA6-8CB7-8AF0DAA9226A} = {B986F350-1715-4A1B-A1B8-B72DA4113463}
		{314C75EA-3352-4C64-ACE4-490084031016} = {B986F350-1715-4A1B-A1B8-B72DA4113463}
		{F12E7225-2A99-478C-9B4E-C34A60771436} = {EE2B38DE-A744-4CC7-A6BF-8387C2A5FFED}
		{5C22E8DC-F589-4598-AE4B-1C4BA9DE1483} = {6FFF0861-5111-42AC-AE24-C33658251C67}
		{49BFD8DC-C072-417D-8A6F-9FF4E14F5C8F} = {6FFF0861-5111-42AC-AE24-C33658251C67}
		{A35B7B57-6F43-4F43-85CC-8DD7942E5D4A} = {6FFF0861-5111-42AC-AE24-C33658251C67}
		{BC7FEEA3-44FA-42D8-854B-FAD1449C5AE5} = {A35B7B57-6F43-4F43-85CC-8DD7942E5D4A}
		{793DBE0F-63B1-4030-88B4-3ED4F8CA464D} = {A35B7B57-6F43-4F43-85CC-8DD7942E5D4A}
		{E768D861-6CBC-480B-902C-5097211A0460} = {A35B7B57-6F43-4F43-85CC-8DD7942E5D4A}
		{5F6E4AE4-53A1-4086-9982-7DE24BC59126} = {A35B7B57-6F43-4F43-85CC-8DD7942E5D4A}
		{4276E2A8-19BA-4300-8060-29CFA6A4D3F5} = {A35B7B57-6F43-4F43-85CC-8DD7942E5D4A}
		{19150FEE-1E18-4FF6-A383-2353463F23EF} = {A35B7B57-6F43-4F43-85CC-8DD7942E5D4A}
	EndGlobalSection
	GlobalSection(ExtensibilityGlobals) = postSolution
		SolutionGuid = {788C3427-79D1-4E4A-A814-4B8A13D7C794}
	EndGlobalSection
EndGlobal
